
Microsoft Visual Studio Solution File, Format Version 12.00
# Visual Studio Version 16
VisualStudioVersion = 16.0.31911.196
MinimumVisualStudioVersion = 10.0.40219.1
Project("{9A19103F-16F7-4668-BE54-9A1E7A4F7556}") = "hcl.game", "hcl.game.csproj", "{04F44080-EE89-4F7E-A71F-15949EB3E8CD}"
EndProject
Project("{9A19103F-16F7-4668-BE54-9A1E7A4F7556}") = "hcl.game.Tests", "..\hcl.game.Tests\hcl.game.Tests.csproj", "{D360B6C8-419E-4EEA-A09C-4CD3B900AA81}"
EndProject
Global
	GlobalSection(SolutionConfigurationPlatforms) = preSolution
		Debug|Any CPU = Debug|Any CPU
		Release|Any CPU = Release|Any CPU
	EndGlobalSection
	GlobalSection(ProjectConfigurationPlatforms) = postSolution
		{04F44080-EE89-4F7E-A71F-15949EB3E8CD}.Debug|Any CPU.ActiveCfg = Debug|Any CPU
		{04F44080-EE89-4F7E-A71F-15949EB3E8CD}.Debug|Any CPU.Build.0 = Debug|Any CPU
		{04F44080-EE89-4F7E-A71F-15949EB3E8CD}.Release|Any CPU.ActiveCfg = Release|Any CPU
		{04F44080-EE89-4F7E-A71F-15949EB3E8CD}.Release|Any CPU.Build.0 = Release|Any CPU
		{D360B6C8-419E-4EEA-A09C-4CD3B900AA81}.Debug|Any CPU.ActiveCfg = Debug|Any CPU
		{D360B6C8-419E-4EEA-A09C-4CD3B900AA81}.Debug|Any CPU.Build.0 = Debug|Any CPU
		{D360B6C8-419E-4EEA-A09C-4CD3B900AA81}.Release|Any CPU.ActiveCfg = Release|Any CPU
		{D360B6C8-419E-4EEA-A09C-4CD3B900AA81}.Release|Any CPU.Build.0 = Release|Any CPU
	EndGlobalSection
	GlobalSection(SolutionProperties) = preSolution
		HideSolutionNode = FALSE
	EndGlobalSection
	GlobalSection(ExtensibilityGlobals) = postSolution
		SolutionGuid = {BDC1FFFD-1236-4EB0-BEB4-5A002E6E171C}
	EndGlobalSection
EndGlobal
